
Microsoft Visual Studio Solution File, Format Version 12.00
# Visual Studio Version 16
VisualStudioVersion = 16.0.29911.84
MinimumVisualStudioVersion = 10.0.40219.1
Project("{9A19103F-16F7-4668-BE54-9A1E7A4F7556}") = "JobManager.Library", "WorkTracker.Library\JobManager.Library.csproj", "{29F78406-3589-4F74-9801-40FB26CF9BB1}"
EndProject
Global
	GlobalSection(SolutionConfigurationPlatforms) = preSolution
		Debug|Any CPU = Debug|Any CPU
		Release|Any CPU = Release|Any CPU
	EndGlobalSection
	GlobalSection(ProjectConfigurationPlatforms) = postSolution
		{29F78406-3589-4F74-9801-40FB26CF9BB1}.Debug|Any CPU.ActiveCfg = Debug|Any CPU
		{29F78406-3589-4F74-9801-40FB26CF9BB1}.Debug|Any CPU.Build.0 = Debug|Any CPU
		{29F78406-3589-4F74-9801-40FB26CF9BB1}.Release|Any CPU.ActiveCfg = Release|Any CPU
		{29F78406-3589-4F74-9801-40FB26CF9BB1}.Release|Any CPU.Build.0 = Release|Any CPU
	EndGlobalSection
	GlobalSection(SolutionProperties) = preSolution
		HideSolutionNode = FALSE
	EndGlobalSection
	GlobalSection(ExtensibilityGlobals) = postSolution
		SolutionGuid = {64246E0F-8637-4FBC-8B38-8E6A2F116269}
	EndGlobalSection
EndGlobal
